
Microsoft Visual Studio Solution File, Format Version 12.00
# Visual Studio Version 17
VisualStudioVersion = 17.8.34525.116
MinimumVisualStudioVersion = 10.0.40219.1
Project("{9A19103F-16F7-4668-BE54-9A1E7A4F7556}") = "ApiDgii", "ApiDgii\ApiDgii.csproj", "{A9389F7F-CC9A-4790-9D47-555F67F9E605}"
EndProject
Global
	GlobalSection(SolutionConfigurationPlatforms) = preSolution
		Debug|Any CPU = Debug|Any CPU
		Release|Any CPU = Release|Any CPU
	EndGlobalSection
	GlobalSection(ProjectConfigurationPlatforms) = postSolution
		{A9389F7F-CC9A-4790-9D47-555F67F9E605}.Debug|Any CPU.ActiveCfg = Debug|Any CPU
		{A9389F7F-CC9A-4790-9D47-555F67F9E605}.Debug|Any CPU.Build.0 = Debug|Any CPU
		{A9389F7F-CC9A-4790-9D47-555F67F9E605}.Release|Any CPU.ActiveCfg = Release|Any CPU
		{A9389F7F-CC9A-4790-9D47-555F67F9E605}.Release|Any CPU.Build.0 = Release|Any CPU
	EndGlobalSection
	GlobalSection(SolutionProperties) = preSolution
		HideSolutionNode = FALSE
	EndGlobalSection
	GlobalSection(ExtensibilityGlobals) = postSolution
		SolutionGuid = {734F4C09-1394-4AF4-B585-CEEDE5FFDA31}
	EndGlobalSection
EndGlobal
